<?xml version="1.0" encoding="utf-8"?>
<Project ToolsVersion="4.0" xmlns="http://schemas.microsoft.com/developer/msbuild/2003">
  <ItemGroup>
    <Filter Include="Lib">
      <UniqueIdentifier>{eeec404a-fb79-4205-ba63-825a4536290c}</UniqueIdentifier>
    </Filter>
    <Filter Include="depend">
      <UniqueIdentifier>{6a1582ac-2e6f-47b4-afd4-e5f3f8160e01}</UniqueIdentifier>
    </Filter>
  </ItemGroup>
  <ItemGroup>
    <ClInclude Include="..\VFrame\XInputDevice.h">
      <Filter>Lib</Filter>
    </ClInclude>
    <ClInclude Include="..\VFrame\V3DModel.h">
      <Filter>Lib</Filter>
    </ClInclude>
    <ClInclude Include="..\VFrame\V3DObject.h">
      <Filter>Lib</Filter>
    </ClInclude>
    <ClInclude Include="..\VFrame\V3DObjModel.h">
      <Filter>Lib</Filter>
    </ClInclude>
    <ClInclude Include="..\VFrame\V3DScene.h">
      <Filter>Lib</Filter>
    </ClInclude>
    <ClInclude Include="..\VFrame\VAnimation.h">
      <Filter>Lib</Filter>
    </ClInclude>
    <ClInclude Include="..\VFrame\VAnimationManager.h">
      <Filter>Lib</Filter>
    </ClInclude>
    <ClInclude Include="..\VFrame\VAsync.h">
      <Filter>Lib</Filter>
    </ClInclude>
    <ClInclude Include="..\VFrame\VBackdrop.h">
      <Filter>Lib</Filter>
    </ClInclude>
    <ClInclude Include="..\VFrame\VBase.h">
      <Filter>Lib</Filter>
    </ClInclude>
    <ClInclude Include="..\VFrame\VCamera.h">
      <Filter>Lib</Filter>
    </ClInclude>
    <ClInclude Include="..\VFrame\VCollision.h">
      <Filter>Lib</Filter>
    </ClInclude>
    <ClInclude Include="..\VFrame\VColour.h">
      <Filter>Lib</Filter>
    </ClInclude>
    <ClInclude Include="..\VFrame\VContent.h">
      <Filter>Lib</Filter>
    </ClInclude>
    <ClInclude Include="..\VFrame\VEmitter.h">
      <Filter>Lib</Filter>
    </ClInclude>
    <ClInclude Include="..\VFrame\VGame.h">
      <Filter>Lib</Filter>
    </ClInclude>
    <ClInclude Include="..\VFrame\VGlobal.h">
      <Filter>Lib</Filter>
    </ClInclude>
    <ClInclude Include="..\VFrame\VGroup.h">
      <Filter>Lib</Filter>
    </ClInclude>
    <ClInclude Include="..\VFrame\VInputHandler.h">
      <Filter>Lib</Filter>
    </ClInclude>
    <ClInclude Include="..\VFrame\VInterpolate.h">
      <Filter>Lib</Filter>
    </ClInclude>
    <ClInclude Include="..\VFrame\VMusic.h">
      <Filter>Lib</Filter>
    </ClInclude>
    <ClInclude Include="..\VFrame\VObject.h">
      <Filter>Lib</Filter>
    </ClInclude>
    <ClInclude Include="..\VFrame\VParticle.h">
      <Filter>Lib</Filter>
    </ClInclude>
    <ClInclude Include="..\VFrame\VPostEffect.h">
      <Filter>Lib</Filter>
    </ClInclude>
    <ClInclude Include="..\VFrame\VRandom.h">
      <Filter>Lib</Filter>
    </ClInclude>
    <ClInclude Include="..\VFrame\VRange.h">
      <Filter>Lib</Filter>
    </ClInclude>
    <ClInclude Include="..\VFrame\VRenderGroup.h">
      <Filter>Lib</Filter>
    </ClInclude>
    <ClInclude Include="..\VFrame\VRenderLayer.h">
      <Filter>Lib</Filter>
    </ClInclude>
    <ClInclude Include="..\VFrame\VShape.h">
      <Filter>Lib</Filter>
    </ClInclude>
    <ClInclude Include="..\VFrame\VSoundManager.h">
      <Filter>Lib</Filter>
    </ClInclude>
    <ClInclude Include="..\VFrame\VSprite.h">
      <Filter>Lib</Filter>
    </ClInclude>
    <ClInclude Include="..\VFrame\VState.h">
      <Filter>Lib</Filter>
    </ClInclude>
    <ClInclude Include="..\VFrame\VText.h">
      <Filter>Lib</Filter>
    </ClInclude>
    <ClInclude Include="..\VFrame\VTextPath.h">
      <Filter>Lib</Filter>
    </ClInclude>
    <ClInclude Include="..\VFrame\VTile.h">
      <Filter>Lib</Filter>
    </ClInclude>
    <ClInclude Include="..\VFrame\VTiledSprite.h">
      <Filter>Lib</Filter>
    </ClInclude>
    <ClInclude Include="..\VFrame\VTilemap.h">
      <Filter>Lib</Filter>
    </ClInclude>
    <ClInclude Include="..\VFrame\VTimer.h">
      <Filter>Lib</Filter>
    </ClInclude>
    <ClInclude Include="..\VFrame\VTrailArea.h">
      <Filter>Lib</Filter>
    </ClInclude>
    <ClInclude Include="..\VFrame\VTypedText.h">
      <Filter>Lib</Filter>
    </ClInclude>
    <ClInclude Include="..\VFrame\depend\gamepad.h">
      <Filter>depend</Filter>
    </ClInclude>
    <ClInclude Include="..\VFrame\depend\glew.h">
      <Filter>depend</Filter>
    </ClInclude>
    <ClInclude Include="..\VFrame\depend\tiny_obj_loader.h">
      <Filter>depend</Filter>
    </ClInclude>
  </ItemGroup>
  <ItemGroup>
    <ClCompile Include="..\VFrame\V3DModel.cpp">
      <Filter>Lib</Filter>
    </ClCompile>
    <ClCompile Include="..\VFrame\V3DObject.cpp">
      <Filter>Lib</Filter>
    </ClCompile>
    <ClCompile Include="..\VFrame\V3DObjModel.cpp">
      <Filter>Lib</Filter>
    </ClCompile>
    <ClCompile Include="..\VFrame\V3DScene.cpp">
      <Filter>Lib</Filter>
    </ClCompile>
    <ClCompile Include="..\VFrame\VAsync.cpp">
      <Filter>Lib</Filter>
    </ClCompile>
    <ClCompile Include="..\VFrame\VBackdrop.cpp">
      <Filter>Lib</Filter>
    </ClCompile>
    <ClCompile Include="..\VFrame\VBase.cpp">
      <Filter>Lib</Filter>
    </ClCompile>
    <ClCompile Include="..\VFrame\VCamera.cpp">
      <Filter>Lib</Filter>
    </ClCompile>
    <ClCompile Include="..\VFrame\VCollision.cpp">
      <Filter>Lib</Filter>
    </ClCompile>
    <ClCompile Include="..\VFrame\VContent.cpp">
      <Filter>Lib</Filter>
    </ClCompile>
    <ClCompile Include="..\VFrame\VEmitter.cpp">
      <Filter>Lib</Filter>
    </ClCompile>
    <ClCompile Include="..\VFrame\VGame.cpp">
      <Filter>Lib</Filter>
    </ClCompile>
    <ClCompile Include="..\VFrame\VGlobal.cpp">
      <Filter>Lib</Filter>
    </ClCompile>
    <ClCompile Include="..\VFrame\VGroup.cpp">
      <Filter>Lib</Filter>
    </ClCompile>
    <ClCompile Include="..\VFrame\VInputHandler.cpp">
      <Filter>Lib</Filter>
    </ClCompile>
    <ClCompile Include="..\VFrame\VInterpolate.cpp">
      <Filter>Lib</Filter>
    </ClCompile>
    <ClCompile Include="..\VFrame\VMusic.cpp">
      <Filter>Lib</Filter>
    </ClCompile>
    <ClCompile Include="..\VFrame\VObject.cpp">
      <Filter>Lib</Filter>
    </ClCompile>
    <ClCompile Include="..\VFrame\VParticle.cpp">
      <Filter>Lib</Filter>
    </ClCompile>
    <ClCompile Include="..\VFrame\VPostEffect.cpp">
      <Filter>Lib</Filter>
    </ClCompile>
    <ClCompile Include="..\VFrame\VRandom.cpp">
      <Filter>Lib</Filter>
    </ClCompile>
    <ClCompile Include="..\VFrame\VRenderGroup.cpp">
      <Filter>Lib</Filter>
    </ClCompile>
    <ClCompile Include="..\VFrame\VRenderLayer.cpp">
      <Filter>Lib</Filter>
    </ClCompile>
    <ClCompile Include="..\VFrame\VShape.cpp">
      <Filter>Lib</Filter>
    </ClCompile>
    <ClCompile Include="..\VFrame\VSoundManager.cpp">
      <Filter>Lib</Filter>
    </ClCompile>
    <ClCompile Include="..\VFrame\VSprite.cpp">
      <Filter>Lib</Filter>
    </ClCompile>
    <ClCompile Include="..\VFrame\VState.cpp">
      <Filter>Lib</Filter>
    </ClCompile>
    <ClCompile Include="..\VFrame\VText.cpp">
      <Filter>Lib</Filter>
    </ClCompile>
    <ClCompile Include="..\VFrame\VTextPath.cpp">
      <Filter>Lib</Filter>
    </ClCompile>
    <ClCompile Include="..\VFrame\VTiledSprite.cpp">
      <Filter>Lib</Filter>
    </ClCompile>
    <ClCompile Include="..\VFrame\VTilemap.cpp">
      <Filter>Lib</Filter>
    </ClCompile>
    <ClCompile Include="..\VFrame\VTimer.cpp">
      <Filter>Lib</Filter>
    </ClCompile>
    <ClCompile Include="..\VFrame\VTrailArea.cpp">
      <Filter>Lib</Filter>
    </ClCompile>
    <ClCompile Include="..\VFrame\VTypedText.cpp">
      <Filter>Lib</Filter>
    </ClCompile>
    <ClCompile Include="..\VFrame\XInputDevice.cpp">
      <Filter>Lib</Filter>
    </ClCompile>
    <ClCompile Include="..\VFrame\depend\gamepad.c">
      <Filter>depend</Filter>
    </ClCompile>
  </ItemGroup>
</Project>